
Microsoft Visual Studio Solution File, Format Version 12.00
# Visual Studio 15
VisualStudioVersion = 15.0.28307.1267
MinimumVisualStudioVersion = 10.0.40219.1
Project("{FAE04EC0-301F-11D3-BF4B-00C04F79EFBC}") = "RentalKendaraan_111", "RentalKendaraan_111\RentalKendaraan_111.csproj", "{FCFD10BB-BBBC-465A-8382-EDAA43CE368C}"
EndProject
Global
	GlobalSection(SolutionConfigurationPlatforms) = preSolution
		Debug|Any CPU = Debug|Any CPU
		Release|Any CPU = Release|Any CPU
	EndGlobalSection
	GlobalSection(ProjectConfigurationPlatforms) = postSolution
		{FCFD10BB-BBBC-465A-8382-EDAA43CE368C}.Debug|Any CPU.ActiveCfg = Debug|Any CPU
		{FCFD10BB-BBBC-465A-8382-EDAA43CE368C}.Debug|Any CPU.Build.0 = Debug|Any CPU
		{FCFD10BB-BBBC-465A-8382-EDAA43CE368C}.Release|Any CPU.ActiveCfg = Release|Any CPU
		{FCFD10BB-BBBC-465A-8382-EDAA43CE368C}.Release|Any CPU.Build.0 = Release|Any CPU
	EndGlobalSection
	GlobalSection(SolutionProperties) = preSolution
		HideSolutionNode = FALSE
	EndGlobalSection
	GlobalSection(ExtensibilityGlobals) = postSolution
		SolutionGuid = {0DD1F780-AEDE-4433-8698-70723F0C61A4}
	EndGlobalSection
EndGlobal
